
Microsoft Visual Studio Solution File, Format Version 12.00
# Visual Studio Version 16
VisualStudioVersion = 16.0.30104.148
MinimumVisualStudioVersion = 10.0.40219.1
Project("{FAE04EC0-301F-11D3-BF4B-00C04F79EFBC}") = "ShazamClient", "ShazamClient\ShazamClient.csproj", "{CF05934F-87B0-4CDB-ADE5-CF5F82ECFC98}"
EndProject
Global
	GlobalSection(SolutionConfigurationPlatforms) = preSolution
		Debug|Any CPU = Debug|Any CPU
		Release|Any CPU = Release|Any CPU
	EndGlobalSection
	GlobalSection(ProjectConfigurationPlatforms) = postSolution
		{CF05934F-87B0-4CDB-ADE5-CF5F82ECFC98}.Debug|Any CPU.ActiveCfg = Debug|Any CPU
		{CF05934F-87B0-4CDB-ADE5-CF5F82ECFC98}.Debug|Any CPU.Build.0 = Debug|Any CPU
		{CF05934F-87B0-4CDB-ADE5-CF5F82ECFC98}.Release|Any CPU.ActiveCfg = Release|Any CPU
		{CF05934F-87B0-4CDB-ADE5-CF5F82ECFC98}.Release|Any CPU.Build.0 = Release|Any CPU
	EndGlobalSection
	GlobalSection(SolutionProperties) = preSolution
		HideSolutionNode = FALSE
	EndGlobalSection
	GlobalSection(ExtensibilityGlobals) = postSolution
		SolutionGuid = {AD0F539E-AA45-4A8F-AED6-2A2A42F38A97}
	EndGlobalSection
EndGlobal
